langcode: en
status: true
dependencies:
  module:
    - afrikaburn_shared
    - php
    - system
  theme:
    - afrikaburn
id: projectblock
theme: afrikaburn
region: sidebar
weight: -21
provider: null
plugin: project_block
settings:
  id: project_block
  label: Register
  provider: afrikaburn_shared
  label_display: '0'
visibility:
  php:
    id: php
    negate: false
    php: '<?php return TRUE; ?>'
    context_mapping: {  }
  request_path:
    id: request_path
    pages: '/collective/*'
    negate: false
    context_mapping: {  }
