uuid: 9577f483-3ac3-436e-8af8-3933ee0619ef
langcode: en
status: true
dependencies:
  module:
    - afrikaburn_shared
    - system
    - user
  theme:
    - afrikaburn
id: ticketblock
theme: afrikaburn
region: status_messages
weight: -20
provider: null
plugin: ticket_block
settings:
  id: ticket_block
  label: 'Ticket Block'
  provider: afrikaburn_shared
  label_display: '0'
visibility:
  user_role:
    id: user_role
    roles:
      authenticated: authenticated
    negate: false
    context_mapping:
      user: '@user.current_user_context:current_user'
  request_path:
    id: request_path
    pages: "/wranglers/*\r\n/form/introduction\r\n/form/terms-conditions\r\n/form/update"
    negate: true
    context_mapping: {  }
